
Microsoft Visual Studio Solution File, Format Version 12.00
# Visual Studio Version 16
VisualStudioVersion = 16.0.29503.13
MinimumVisualStudioVersion = 10.0.40219.1
Project("{FAE04EC0-301F-11D3-BF4B-00C04F79EFBC}") = "IRF_08v2_EHMF1V", "IRF_08v2_EHMF1V\IRF_08v2_EHMF1V.csproj", "{D78161BB-1A56-438E-BFDA-7D9E08F60B47}"
EndProject
Global
	GlobalSection(SolutionConfigurationPlatforms) = preSolution
		Debug|Any CPU = Debug|Any CPU
		Release|Any CPU = Release|Any CPU
	EndGlobalSection
	GlobalSection(ProjectConfigurationPlatforms) = postSolution
		{D78161BB-1A56-438E-BFDA-7D9E08F60B47}.Debug|Any CPU.ActiveCfg = Debug|Any CPU
		{D78161BB-1A56-438E-BFDA-7D9E08F60B47}.Debug|Any CPU.Build.0 = Debug|Any CPU
		{D78161BB-1A56-438E-BFDA-7D9E08F60B47}.Release|Any CPU.ActiveCfg = Release|Any CPU
		{D78161BB-1A56-438E-BFDA-7D9E08F60B47}.Release|Any CPU.Build.0 = Release|Any CPU
	EndGlobalSection
	GlobalSection(SolutionProperties) = preSolution
		HideSolutionNode = FALSE
	EndGlobalSection
	GlobalSection(ExtensibilityGlobals) = postSolution
		SolutionGuid = {0E3938FB-2DB6-4342-929D-EFD8B088B561}
	EndGlobalSection
EndGlobal
