
Microsoft Visual Studio Solution File, Format Version 12.00
# Visual Studio Version 16
VisualStudioVersion = 16.0.29503.13
MinimumVisualStudioVersion = 10.0.40219.1
Project("{FAE04EC0-301F-11D3-BF4B-00C04F79EFBC}") = "IRF_07v2_EHMF1V", "IRF_07v2_EHMF1V\IRF_07v2_EHMF1V.csproj", "{D1206C12-1F71-43F9-AA0E-A5A2AE95CAA2}"
EndProject
Global
	GlobalSection(SolutionConfigurationPlatforms) = preSolution
		Debug|Any CPU = Debug|Any CPU
		Release|Any CPU = Release|Any CPU
	EndGlobalSection
	GlobalSection(ProjectConfigurationPlatforms) = postSolution
		{D1206C12-1F71-43F9-AA0E-A5A2AE95CAA2}.Debug|Any CPU.ActiveCfg = Debug|Any CPU
		{D1206C12-1F71-43F9-AA0E-A5A2AE95CAA2}.Debug|Any CPU.Build.0 = Debug|Any CPU
		{D1206C12-1F71-43F9-AA0E-A5A2AE95CAA2}.Release|Any CPU.ActiveCfg = Release|Any CPU
		{D1206C12-1F71-43F9-AA0E-A5A2AE95CAA2}.Release|Any CPU.Build.0 = Release|Any CPU
	EndGlobalSection
	GlobalSection(SolutionProperties) = preSolution
		HideSolutionNode = FALSE
	EndGlobalSection
	GlobalSection(ExtensibilityGlobals) = postSolution
		SolutionGuid = {CAC5247C-C3B3-4BC0-86E7-D24382A284EE}
	EndGlobalSection
EndGlobal
